{
  "originHash" : "25f326931576b76c0d3012138cb201c446c0b0531802796ce5fad69804868590",
  "pins" : [
    {
      "identity" : "ios_sdk_package",
      "kind" : "remoteSourceControl",
      "location" : "git@github.com:gocanvas/ios_sdk_package.git",
      "state" : {
        "branch" : "github-release",
        "revision" : "712369f3869f7096a34f35b6f4ec599ee7971d0d"
      }
    }
  ],
  "version" : 3
}
