{
  "originHash" : "25f326931576b76c0d3012138cb201c446c0b0531802796ce5fad69804868590",
  "pins" : [
    {
      "identity" : "ios_sdk_package",
      "kind" : "remoteSourceControl",
      "location" : "git@github.com:gocanvas/ios_sdk_package.git",
      "state" : {
        "revision" : "d0e063ed36fc114a2934332d59622989042a48c5",
        "version" : "2.0.0"
      }
    }
  ],
  "version" : 3
}
